
Microsoft Visual Studio Solution File, Format Version 12.00
# Visual Studio 15
VisualStudioVersion = 15.0.28307.1684
MinimumVisualStudioVersion = 10.0.40219.1
Project("{8BC9CEB8-8B4A-11D0-8D11-00A0C91BC942}") = "LearnOpenGL_03", "LearnOpenGL_03\LearnOpenGL_03.vcxproj", "{4A165EE7-3EED-4C36-AA8D-3539FD3F2E06}"
EndProject
Global
	GlobalSection(SolutionConfigurationPlatforms) = preSolution
		Debug|x64 = Debug|x64
		Debug|x86 = Debug|x86
		Release|x64 = Release|x64
		Release|x86 = Release|x86
	EndGlobalSection
	GlobalSection(ProjectConfigurationPlatforms) = postSolution
		{4A165EE7-3EED-4C36-AA8D-3539FD3F2E06}.Debug|x64.ActiveCfg = Debug|x64
		{4A165EE7-3EED-4C36-AA8D-3539FD3F2E06}.Debug|x64.Build.0 = Debug|x64
		{4A165EE7-3EED-4C36-AA8D-3539FD3F2E06}.Debug|x86.ActiveCfg = Debug|Win32
		{4A165EE7-3EED-4C36-AA8D-3539FD3F2E06}.Debug|x86.Build.0 = Debug|Win32
		{4A165EE7-3EED-4C36-AA8D-3539FD3F2E06}.Release|x64.ActiveCfg = Release|x64
		{4A165EE7-3EED-4C36-AA8D-3539FD3F2E06}.Release|x64.Build.0 = Release|x64
		{4A165EE7-3EED-4C36-AA8D-3539FD3F2E06}.Release|x86.ActiveCfg = Release|Win32
		{4A165EE7-3EED-4C36-AA8D-3539FD3F2E06}.Release|x86.Build.0 = Release|Win32
	EndGlobalSection
	GlobalSection(SolutionProperties) = preSolution
		HideSolutionNode = FALSE
	EndGlobalSection
	GlobalSection(ExtensibilityGlobals) = postSolution
		SolutionGuid = {E809E8EF-EE5E-4B15-9AD4-9F63B0C1C814}
	EndGlobalSection
EndGlobal
